// !$*UTF8*$!
{
	archiveVersion = 1;
	classes = {
	};
	objectVersion = 50;
	objects = {

/* Begin PBXBuildFile section */
		1E394DA2266E903A00B98B45 /* CardView.swift in Sources */ = {isa = PBXBuildFile; fileRef = 1E394DA1266E903A00B98B45 /* CardView.swift */; };
		1E4BF5E826712E1B005D928D /* AddCardView.swift in Sources */ = {isa = PBXBuildFile; fileRef = 1E4BF5E726712E1B005D928D /* AddCardView.swift */; };
		1E4BF5EA2671AC19005D928D /* EditCardView.swift in Sources */ = {isa = PBXBuildFile; fileRef = 1E4BF5E92671AC19005D928D /* EditCardView.swift */; };
		1E4BF5EC2671C4F8005D928D /* SaveCard.swift in Sources */ = {isa = PBXBuildFile; fileRef = 1E4BF5EB2671C4F8005D928D /* SaveCard.swift */; };
		1EB836FA2666CE9800A46953 /* CustomCardsAppApp.swift in Sources */ = {isa = PBXBuildFile; fileRef = 1EB836F92666CE9800A46953 /* CustomCardsAppApp.swift */; };
		1EB836FC2666CE9800A46953 /* ContentView.swift in Sources */ = {isa = PBXBuildFile; fileRef = 1EB836FB2666CE9800A46953 /* ContentView.swift */; };
		1EB836FE2666CE9D00A46953 /* Assets.xcassets in Resources */ = {isa = PBXBuildFile; fileRef = 1EB836FD2666CE9D00A46953 /* Assets.xcassets */; };
		1EB837012666CE9D00A46953 /* Preview Assets.xcassets in Resources */ = {isa = PBXBuildFile; fileRef = 1EB837002666CE9D00A46953 /* Preview Assets.xcassets */; };
		1EB837092666D29000A46953 /* CardClass.swift in Sources */ = {isa = PBXBuildFile; fileRef = 1EB837082666D29000A46953 /* CardClass.swift */; };
		1EB837152667366C00A46953 /* SunMoonCalc.swift in Sources */ = {isa = PBXBuildFile; fileRef = 1EB837142667366C00A46953 /* SunMoonCalc.swift */; };
		1EEFDA5F266FD83F00CF8577 /* MoonPhaseCardView.swift in Sources */ = {isa = PBXBuildFile; fileRef = 1EEFDA5E266FD83F00CF8577 /* MoonPhaseCardView.swift */; };
/* End PBXBuildFile section */

/* Begin PBXFileReference section */
		1E394DA1266E903A00B98B45 /* CardView.swift */ = {isa = PBXFileReference; lastKnownFileType = sourcecode.swift; path = CardView.swift; sourceTree = "<group>"; };
		1E4BF5E726712E1B005D928D /* AddCardView.swift */ = {isa = PBXFileReference; lastKnownFileType = sourcecode.swift; path = AddCardView.swift; sourceTree = "<group>"; };
		1E4BF5E92671AC19005D928D /* EditCardView.swift */ = {isa = PBXFileReference; lastKnownFileType = sourcecode.swift; path = EditCardView.swift; sourceTree = "<group>"; };
		1E4BF5EB2671C4F8005D928D /* SaveCard.swift */ = {isa = PBXFileReference; lastKnownFileType = sourcecode.swift; path = SaveCard.swift; sourceTree = "<group>"; };
		1EB836F62666CE9800A46953 /* CustomCardsApp.app */ = {isa = PBXFileReference; explicitFileType = wrapper.application; includeInIndex = 0; path = CustomCardsApp.app; sourceTree = BUILT_PRODUCTS_DIR; };
		1EB836F92666CE9800A46953 /* CustomCardsAppApp.swift */ = {isa = PBXFileReference; lastKnownFileType = sourcecode.swift; path = CustomCardsAppApp.swift; sourceTree = "<group>"; };
		1EB836FB2666CE9800A46953 /* ContentView.swift */ = {isa = PBXFileReference; lastKnownFileType = sourcecode.swift; path = ContentView.swift; sourceTree = "<group>"; };
		1EB836FD2666CE9D00A46953 /* Assets.xcassets */ = {isa = PBXFileReference; lastKnownFileType = folder.assetcatalog; path = Assets.xcassets; sourceTree = "<group>"; };
		1EB837002666CE9D00A46953 /* Preview Assets.xcassets */ = {isa = PBXFileReference; lastKnownFileType = folder.assetcatalog; path = "Preview Assets.xcassets"; sourceTree = "<group>"; };
		1EB837022666CE9D00A46953 /* Info.plist */ = {isa = PBXFileReference; lastKnownFileType = text.plist.xml; path = Info.plist; sourceTree = "<group>"; };
		1EB837082666D29000A46953 /* CardClass.swift */ = {isa = PBXFileReference; lastKnownFileType = sourcecode.swift; path = CardClass.swift; sourceTree = "<group>"; };
		1EB837142667366C00A46953 /* SunMoonCalc.swift */ = {isa = PBXFileReference; fileEncoding = 4; lastKnownFileType = sourcecode.swift; path = SunMoonCalc.swift; sourceTree = "<group>"; };
		1EEFDA5E266FD83F00CF8577 /* MoonPhaseCardView.swift */ = {isa = PBXFileReference; lastKnownFileType = sourcecode.swift; path = MoonPhaseCardView.swift; sourceTree = "<group>"; };
/* End PBXFileReference section */

/* Begin PBXFrameworksBuildPhase section */
		1EB836F32666CE9800A46953 /* Frameworks */ = {
			isa = PBXFrameworksBuildPhase;
			buildActionMask = 2147483647;
			files = (
			);
			runOnlyForDeploymentPostprocessing = 0;
		};
/* End PBXFrameworksBuildPhase section */

/* Begin PBXGroup section */
		1E394D9F266E868100B98B45 /* Moon */ = {
			isa = PBXGroup;
			children = (
				1EEFDA5E266FD83F00CF8577 /* MoonPhaseCardView.swift */,
				1EB837142667366C00A46953 /* SunMoonCalc.swift */,
			);
			path = Moon;
			sourceTree = "<group>";
		};
		1E394DA0266E901300B98B45 /* Cards */ = {
			isa = PBXGroup;
			children = (
				1E394DA1266E903A00B98B45 /* CardView.swift */,
				1E394D9F266E868100B98B45 /* Moon */,
			);
			path = Cards;
			sourceTree = "<group>";
		};
		1EB836ED2666CE9800A46953 = {
			isa = PBXGroup;
			children = (
				1EB836F82666CE9800A46953 /* CustomCardsApp */,
				1EB836F72666CE9800A46953 /* Products */,
			);
			sourceTree = "<group>";
		};
		1EB836F72666CE9800A46953 /* Products */ = {
			isa = PBXGroup;
			children = (
				1EB836F62666CE9800A46953 /* CustomCardsApp.app */,
			);
			name = Products;
			sourceTree = "<group>";
		};
		1EB836F82666CE9800A46953 /* CustomCardsApp */ = {
			isa = PBXGroup;
			children = (
				1EB836F92666CE9800A46953 /* CustomCardsAppApp.swift */,
				1EB836FB2666CE9800A46953 /* ContentView.swift */,
				1E4BF5E726712E1B005D928D /* AddCardView.swift */,
				1E4BF5E92671AC19005D928D /* EditCardView.swift */,
				1E394DA0266E901300B98B45 /* Cards */,
				1EB837082666D29000A46953 /* CardClass.swift */,
				1E4BF5EB2671C4F8005D928D /* SaveCard.swift */,
				1EB836FD2666CE9D00A46953 /* Assets.xcassets */,
				1EB837022666CE9D00A46953 /* Info.plist */,
				1EB836FF2666CE9D00A46953 /* Preview Content */,
			);
			path = CustomCardsApp;
			sourceTree = "<group>";
		};
		1EB836FF2666CE9D00A46953 /* Preview Content */ = {
			isa = PBXGroup;
			children = (
				1EB837002666CE9D00A46953 /* Preview Assets.xcassets */,
			);
			path = "Preview Content";
			sourceTree = "<group>";
		};
/* End PBXGroup section */

/* Begin PBXNativeTarget section */
		1EB836F52666CE9800A46953 /* CustomCardsApp */ = {
			isa = PBXNativeTarget;
			buildConfigurationList = 1EB837052666CE9D00A46953 /* Build configuration list for PBXNativeTarget "CustomCardsApp" */;
			buildPhases = (
				1EB836F22666CE9800A46953 /* Sources */,
				1EB836F32666CE9800A46953 /* Frameworks */,
				1EB836F42666CE9800A46953 /* Resources */,
			);
			buildRules = (
			);
			dependencies = (
			);
			name = CustomCardsApp;
			productName = CustomCardsApp;
			productReference = 1EB836F62666CE9800A46953 /* CustomCardsApp.app */;
			productType = "com.apple.product-type.application";
		};
/* End PBXNativeTarget section */

/* Begin PBXProject section */
		1EB836EE2666CE9800A46953 /* Project object */ = {
			isa = PBXProject;
			attributes = {
				LastSwiftUpdateCheck = 1250;
				LastUpgradeCheck = 1250;
				TargetAttributes = {
					1EB836F52666CE9800A46953 = {
						CreatedOnToolsVersion = 12.5;
					};
				};
			};
			buildConfigurationList = 1EB836F12666CE9800A46953 /* Build configuration list for PBXProject "CustomCardsApp" */;
			compatibilityVersion = "Xcode 9.3";
			developmentRegion = en;
			hasScannedForEncodings = 0;
			knownRegions = (
				en,
				Base,
			);
			mainGroup = 1EB836ED2666CE9800A46953;
			productRefGroup = 1EB836F72666CE9800A46953 /* Products */;
			projectDirPath = "";
			projectRoot = "";
			targets = (
				1EB836F52666CE9800A46953 /* CustomCardsApp */,
			);
		};
/* End PBXProject section */

/* Begin PBXResourcesBuildPhase section */
		1EB836F42666CE9800A46953 /* Resources */ = {
			isa = PBXResourcesBuildPhase;
			buildActionMask = 2147483647;
			files = (
				1EB837012666CE9D00A46953 /* Preview Assets.xcassets in Resources */,
				1EB836FE2666CE9D00A46953 /* Assets.xcassets in Resources */,
			);
			runOnlyForDeploymentPostprocessing = 0;
		};
/* End PBXResourcesBuildPhase section */

/* Begin PBXSourcesBuildPhase section */
		1EB836F22666CE9800A46953 /* Sources */ = {
			isa = PBXSourcesBuildPhase;
			buildActionMask = 2147483647;
			files = (
				1E4BF5EA2671AC19005D928D /* EditCardView.swift in Sources */,
				1EB837152667366C00A46953 /* SunMoonCalc.swift in Sources */,
				1EB837092666D29000A46953 /* CardClass.swift in Sources */,
				1EB836FC2666CE9800A46953 /* ContentView.swift in Sources */,
				1EB836FA2666CE9800A46953 /* CustomCardsAppApp.swift in Sources */,
				1E394DA2266E903A00B98B45 /* CardView.swift in Sources */,
				1EEFDA5F266FD83F00CF8577 /* MoonPhaseCardView.swift in Sources */,
				1E4BF5E826712E1B005D928D /* AddCardView.swift in Sources */,
				1E4BF5EC2671C4F8005D928D /* SaveCard.swift in Sources */,
			);
			runOnlyForDeploymentPostprocessing = 0;
		};
/* End PBXSourcesBuildPhase section */

/* Begin XCBuildConfiguration section */
		1EB837032666CE9D00A46953 /* Debug */ = {
			isa = XCBuildConfiguration;
			buildSettings = {
				ALWAYS_SEARCH_USER_PATHS = NO;
				CLANG_ANALYZER_NONNULL = YES;
				CLANG_ANALYZER_NUMBER_OBJECT_CONVERSION = YES_AGGRESSIVE;
				CLANG_CXX_LANGUAGE_STANDARD = "gnu++14";
				CLANG_CXX_LIBRARY = "libc++";
				CLANG_ENABLE_MODULES = YES;
				CLANG_ENABLE_OBJC_ARC = YES;
				CLANG_ENABLE_OBJC_WEAK = YES;
				CLANG_WARN_BLOCK_CAPTURE_AUTORELEASING = YES;
				CLANG_WARN_BOOL_CONVERSION = YES;
				CLANG_WARN_COMMA = YES;
				CLANG_WARN_CONSTANT_CONVERSION = YES;
				CLANG_WARN_DEPRECATED_OBJC_IMPLEMENTATIONS = YES;
				CLANG_WARN_DIRECT_OBJC_ISA_USAGE = YES_ERROR;
				CLANG_WARN_DOCUMENTATION_COMMENTS = YES;
				CLANG_WARN_EMPTY_BODY = YES;
				CLANG_WARN_ENUM_CONVERSION = YES;
				CLANG_WARN_INFINITE_RECURSION = YES;
				CLANG_WARN_INT_CONVERSION = YES;
				CLANG_WARN_NON_LITERAL_NULL_CONVERSION = YES;
				CLANG_WARN_OBJC_IMPLICIT_RETAIN_SELF = YES;
				CLANG_WARN_OBJC_LITERAL_CONVERSION = YES;
				CLANG_WARN_OBJC_ROOT_CLASS = YES_ERROR;
				CLANG_WARN_QUOTED_INCLUDE_IN_FRAMEWORK_HEADER = YES;
				CLANG_WARN_RANGE_LOOP_ANALYSIS = YES;
				CLANG_WARN_STRICT_PROTOTYPES = YES;
				CLANG_WARN_SUSPICIOUS_MOVE = YES;
				CLANG_WARN_UNGUARDED_AVAILABILITY = YES_AGGRESSIVE;
				CLANG_WARN_UNREACHABLE_CODE = YES;
				CLANG_WARN__DUPLICATE_METHOD_MATCH = YES;
				COPY_PHASE_STRIP = NO;
				DEBUG_INFORMATION_FORMAT = dwarf;
				ENABLE_STRICT_OBJC_MSGSEND = YES;
				ENABLE_TESTABILITY = YES;
				GCC_C_LANGUAGE_STANDARD = gnu11;
				GCC_DYNAMIC_NO_PIC = NO;
				GCC_NO_COMMON_BLOCKS = YES;
				GCC_OPTIMIZATION_LEVEL = 0;
				GCC_PREPROCESSOR_DEFINITIONS = (
					"DEBUG=1",
					"$(inherited)",
				);
				GCC_WARN_64_TO_32_BIT_CONVERSION = YES;
				GCC_WARN_ABOUT_RETURN_TYPE = YES_ERROR;
				GCC_WARN_UNDECLARED_SELECTOR = YES;
				GCC_WARN_UNINITIALIZED_AUTOS = YES_AGGRESSIVE;
				GCC_WARN_UNUSED_FUNCTION = YES;
				GCC_WARN_UNUSED_VARIABLE = YES;
				IPHONEOS_DEPLOYMENT_TARGET = 14.5;
				MTL_ENABLE_DEBUG_INFO = INCLUDE_SOURCE;
				MTL_FAST_MATH = YES;
				ONLY_ACTIVE_ARCH = YES;
				SDKROOT = iphoneos;
				SWIFT_ACTIVE_COMPILATION_CONDITIONS = DEBUG;
				SWIFT_OPTIMIZATION_LEVEL = "-Onone";
			};
			name = Debug;
		};
		1EB837042666CE9D00A46953 /* Release */ = {
			isa = XCBuildConfiguration;
			buildSettings = {
				ALWAYS_SEARCH_USER_PATHS = NO;
				CLANG_ANALYZER_NONNULL = YES;
				CLANG_ANALYZER_NUMBER_OBJECT_CONVERSION = YES_AGGRESSIVE;
				CLANG_CXX_LANGUAGE_STANDARD = "gnu++14";
				CLANG_CXX_LIBRARY = "libc++";
				CLANG_ENABLE_MODULES = YES;
				CLANG_ENABLE_OBJC_ARC = YES;
				CLANG_ENABLE_OBJC_WEAK = YES;
				CLANG_WARN_BLOCK_CAPTURE_AUTORELEASING = YES;
				CLANG_WARN_BOOL_CONVERSION = YES;
				CLANG_WARN_COMMA = YES;
				CLANG_WARN_CONSTANT_CONVERSION = YES;
				CLANG_WARN_DEPRECATED_OBJC_IMPLEMENTATIONS = YES;
				CLANG_WARN_DIRECT_OBJC_ISA_USAGE = YES_ERROR;
				CLANG_WARN_DOCUMENTATION_COMMENTS = YES;
				CLANG_WARN_EMPTY_BODY = YES;
				CLANG_WARN_ENUM_CONVERSION = YES;
				CLANG_WARN_INFINITE_RECURSION = YES;
				CLANG_WARN_INT_CONVERSION = YES;
				CLANG_WARN_NON_LITERAL_NULL_CONVERSION = YES;
				CLANG_WARN_OBJC_IMPLICIT_RETAIN_SELF = YES;
				CLANG_WARN_OBJC_LITERAL_CONVERSION = YES;
				CLANG_WARN_OBJC_ROOT_CLASS = YES_ERROR;
				CLANG_WARN_QUOTED_INCLUDE_IN_FRAMEWORK_HEADER = YES;
				CLANG_WARN_RANGE_LOOP_ANALYSIS = YES;
				CLANG_WARN_STRICT_PROTOTYPES = YES;
				CLANG_WARN_SUSPICIOUS_MOVE = YES;
				CLANG_WARN_UNGUARDED_AVAILABILITY = YES_AGGRESSIVE;
				CLANG_WARN_UNREACHABLE_CODE = YES;
				CLANG_WARN__DUPLICATE_METHOD_MATCH = YES;
				COPY_PHASE_STRIP = NO;
				DEBUG_INFORMATION_FORMAT = "dwarf-with-dsym";
				ENABLE_NS_ASSERTIONS = NO;
				ENABLE_STRICT_OBJC_MSGSEND = YES;
				GCC_C_LANGUAGE_STANDARD = gnu11;
				GCC_NO_COMMON_BLOCKS = YES;
				GCC_WARN_64_TO_32_BIT_CONVERSION = YES;
				GCC_WARN_ABOUT_RETURN_TYPE = YES_ERROR;
				GCC_WARN_UNDECLARED_SELECTOR = YES;
				GCC_WARN_UNINITIALIZED_AUTOS = YES_AGGRESSIVE;
				GCC_WARN_UNUSED_FUNCTION = YES;
				GCC_WARN_UNUSED_VARIABLE = YES;
				IPHONEOS_DEPLOYMENT_TARGET = 14.5;
				MTL_ENABLE_DEBUG_INFO = NO;
				MTL_FAST_MATH = YES;
				SDKROOT = iphoneos;
				SWIFT_COMPILATION_MODE = wholemodule;
				SWIFT_OPTIMIZATION_LEVEL = "-O";
				VALIDATE_PRODUCT = YES;
			};
			name = Release;
		};
		1EB837062666CE9D00A46953 /* Debug */ = {
			isa = XCBuildConfiguration;
			buildSettings = {
				ASSETCATALOG_COMPILER_APPICON_NAME = AppIcon;
				ASSETCATALOG_COMPILER_GLOBAL_ACCENT_COLOR_NAME = AccentColor;
				CODE_SIGN_STYLE = Automatic;
				DEVELOPMENT_ASSET_PATHS = "\"CustomCardsApp/Preview Content\"";
				DEVELOPMENT_TEAM = V499HX436F;
				ENABLE_PREVIEWS = YES;
				INFOPLIST_FILE = CustomCardsApp/Info.plist;
				IPHONEOS_DEPLOYMENT_TARGET = 14.0;
				LD_RUNPATH_SEARCH_PATHS = (
					"$(inherited)",
					"@executable_path/Frameworks",
				);
				PRODUCT_BUNDLE_IDENTIFIER = com.MMApps.CustomCardsApp;
				PRODUCT_NAME = "$(TARGET_NAME)";
				SWIFT_VERSION = 5.0;
				TARGETED_DEVICE_FAMILY = "1,2";
			};
			name = Debug;
		};
		1EB837072666CE9D00A46953 /* Release */ = {
			isa = XCBuildConfiguration;
			buildSettings = {
				ASSETCATALOG_COMPILER_APPICON_NAME = AppIcon;
				ASSETCATALOG_COMPILER_GLOBAL_ACCENT_COLOR_NAME = AccentColor;
				CODE_SIGN_STYLE = Automatic;
				DEVELOPMENT_ASSET_PATHS = "\"CustomCardsApp/Preview Content\"";
				DEVELOPMENT_TEAM = V499HX436F;
				ENABLE_PREVIEWS = YES;
				INFOPLIST_FILE = CustomCardsApp/Info.plist;
				IPHONEOS_DEPLOYMENT_TARGET = 14.0;
				LD_RUNPATH_SEARCH_PATHS = (
					"$(inherited)",
					"@executable_path/Frameworks",
				);
				PRODUCT_BUNDLE_IDENTIFIER = com.MMApps.CustomCardsApp;
				PRODUCT_NAME = "$(TARGET_NAME)";
				SWIFT_VERSION = 5.0;
				TARGETED_DEVICE_FAMILY = "1,2";
			};
			name = Release;
		};
/* End XCBuildConfiguration section */

/* Begin XCConfigurationList section */
		1EB836F12666CE9800A46953 /* Build configuration list for PBXProject "CustomCardsApp" */ = {
			isa = XCConfigurationList;
			buildConfigurations = (
				1EB837032666CE9D00A46953 /* Debug */,
				1EB837042666CE9D00A46953 /* Release */,
			);
			defaultConfigurationIsVisible = 0;
			defaultConfigurationName = Release;
		};
		1EB837052666CE9D00A46953 /* Build configuration list for PBXNativeTarget "CustomCardsApp" */ = {
			isa = XCConfigurationList;
			buildConfigurations = (
				1EB837062666CE9D00A46953 /* Debug */,
				1EB837072666CE9D00A46953 /* Release */,
			);
			defaultConfigurationIsVisible = 0;
			defaultConfigurationName = Release;
		};
/* End XCConfigurationList section */
	};
	rootObject = 1EB836EE2666CE9800A46953 /* Project object */;
}
